
Microsoft Visual Studio Solution File, Format Version 12.00
# Visual Studio Version 17
VisualStudioVersion = 17.14.36121.58 d17.14
MinimumVisualStudioVersion = 10.0.40219.1
Project("{FAE04EC0-301F-11D3-BF4B-00C04F79EFBC}") = "CafePOS.Wpf", "CafePOS.Wpf\CafePOS.Wpf.csproj", "{8269D5AB-DE99-4DCA-8132-19818B2C0F17}"
EndProject
Project("{FAE04EC0-301F-11D3-BF4B-00C04F79EFBC}") = "CafePOS.Domain", "CafePOS.Domain\CafePOS.Domain.csproj", "{6C4810D2-F65C-4A02-A85D-C04D18B92725}"
EndProject
Global
	GlobalSection(SolutionConfigurationPlatforms) = preSolution
		Debug|Any CPU = Debug|Any CPU
		Release|Any CPU = Release|Any CPU
	EndGlobalSection
	GlobalSection(ProjectConfigurationPlatforms) = postSolution
		{8269D5AB-DE99-4DCA-8132-19818B2C0F17}.Debug|Any CPU.ActiveCfg = Debug|Any CPU
		{8269D5AB-DE99-4DCA-8132-19818B2C0F17}.Debug|Any CPU.Build.0 = Debug|Any CPU
		{8269D5AB-DE99-4DCA-8132-19818B2C0F17}.Release|Any CPU.ActiveCfg = Release|Any CPU
		{8269D5AB-DE99-4DCA-8132-19818B2C0F17}.Release|Any CPU.Build.0 = Release|Any CPU
		{6C4810D2-F65C-4A02-A85D-C04D18B92725}.Debug|Any CPU.ActiveCfg = Debug|Any CPU
		{6C4810D2-F65C-4A02-A85D-C04D18B92725}.Debug|Any CPU.Build.0 = Debug|Any CPU
		{6C4810D2-F65C-4A02-A85D-C04D18B92725}.Release|Any CPU.ActiveCfg = Release|Any CPU
		{6C4810D2-F65C-4A02-A85D-C04D18B92725}.Release|Any CPU.Build.0 = Release|Any CPU
	EndGlobalSection
	GlobalSection(SolutionProperties) = preSolution
		HideSolutionNode = FALSE
	EndGlobalSection
	GlobalSection(ExtensibilityGlobals) = postSolution
		SolutionGuid = {4EE20D00-96EE-4606-93E9-02A375E8A263}
	EndGlobalSection
EndGlobal
